<?xml version="1.0" encoding="UTF-8" standalone="yes" ?>
<CodeBlocks_project_file>
	<FileVersion major="1" minor="6" />
	<Project>
		<Option title="mini_monopoly" />
		<Option pch_mode="2" />
		<Option compiler="gcc" />
		<Build>
			<Target title="Debug">
				<Option output="bin/Debug/mini_monopoly" prefix_auto="1" extension_auto="1" />
				<Option object_output="obj/Debug/" />
				<Option type="1" />
				<Option compiler="gcc" />
				<Compiler>
					<Add option="-Wall" />
					<Add option="-g" />
				</Compiler>
			</Target>
			<Target title="Release">
				<Option output="bin/Release/mini_monopoly" prefix_auto="1" extension_auto="1" />
				<Option object_output="obj/Release/" />
				<Option type="1" />
				<Option compiler="gcc" />
				<Compiler>
					<Add option="-O2" />
				</Compiler>
				<Linker>
					<Add option="-s" />
				</Linker>
			</Target>
		</Build>
		<Compiler>
			<Add option="-O2" />
			<Add option="-std=c++0x" />
			<Add option="-Wall" />
			<Add option="-fexceptions" />
		</Compiler>
		<Unit filename="mini_monopoly.cc" />
		<Unit filename="player/player.cc" />
		<Unit filename="player/player.h" />
		<Unit filename="units/collectable_unit.cc" />
		<Unit filename="units/collectable_unit.h" />
		<Unit filename="units/jail_unit.cc" />
		<Unit filename="units/jail_unit.h" />
		<Unit filename="units/map_unit.cc" />
		<Unit filename="units/map_unit.h" />
		<Unit filename="units/pay_unit.h" />
		<Unit filename="units/random_cost_unit.cc" />
		<Unit filename="units/random_cost_unit.h" />
		<Unit filename="units/upgradable_unit.cc" />
		<Unit filename="units/upgradable_unit.h" />
		<Unit filename="world/world_map.cc" />
		<Unit filename="world/world_map.h" />
		<Unit filename="world/world_player.cc" />
		<Unit filename="world/world_player.h" />
		<Extensions>
			<code_completion />
			<debugger />
		</Extensions>
	</Project>
</CodeBlocks_project_file>
